
Microsoft Visual Studio Solution File, Format Version 12.00
# Visual Studio 15
VisualStudioVersion = 15.0.28307.421
MinimumVisualStudioVersion = 10.0.40219.1
Project("{FAE04EC0-301F-11D3-BF4B-00C04F79EFBC}") = "Arrays-DS", "Arrays-DS\Arrays-DS.csproj", "{959870CB-77B9-433A-84BB-2F148794138E}"
EndProject
Global
	GlobalSection(SolutionConfigurationPlatforms) = preSolution
		Debug|Any CPU = Debug|Any CPU
		Release|Any CPU = Release|Any CPU
	EndGlobalSection
	GlobalSection(ProjectConfigurationPlatforms) = postSolution
		{959870CB-77B9-433A-84BB-2F148794138E}.Debug|Any CPU.ActiveCfg = Debug|Any CPU
		{959870CB-77B9-433A-84BB-2F148794138E}.Debug|Any CPU.Build.0 = Debug|Any CPU
		{959870CB-77B9-433A-84BB-2F148794138E}.Release|Any CPU.ActiveCfg = Release|Any CPU
		{959870CB-77B9-433A-84BB-2F148794138E}.Release|Any CPU.Build.0 = Release|Any CPU
	EndGlobalSection
	GlobalSection(SolutionProperties) = preSolution
		HideSolutionNode = FALSE
	EndGlobalSection
	GlobalSection(ExtensibilityGlobals) = postSolution
		SolutionGuid = {ECEE2EF3-852B-47CC-B408-64BA5AA125CA}
	EndGlobalSection
EndGlobal
